
Microsoft Visual Studio Solution File, Format Version 12.00
# Visual Studio 15
VisualStudioVersion = 15.0.28307.489
MinimumVisualStudioVersion = 10.0.40219.1
Project("{FAE04EC0-301F-11D3-BF4B-00C04F79EFBC}") = "DonationProject", "DonationProject\DonationProject.csproj", "{FEC42A8A-F03D-43EC-A48A-21C5CF09838C}"
EndProject
Global
	GlobalSection(SolutionConfigurationPlatforms) = preSolution
		Debug|Any CPU = Debug|Any CPU
		Release|Any CPU = Release|Any CPU
	EndGlobalSection
	GlobalSection(ProjectConfigurationPlatforms) = postSolution
		{FEC42A8A-F03D-43EC-A48A-21C5CF09838C}.Debug|Any CPU.ActiveCfg = Debug|Any CPU
		{FEC42A8A-F03D-43EC-A48A-21C5CF09838C}.Debug|Any CPU.Build.0 = Debug|Any CPU
		{FEC42A8A-F03D-43EC-A48A-21C5CF09838C}.Release|Any CPU.ActiveCfg = Release|Any CPU
		{FEC42A8A-F03D-43EC-A48A-21C5CF09838C}.Release|Any CPU.Build.0 = Release|Any CPU
	EndGlobalSection
	GlobalSection(SolutionProperties) = preSolution
		HideSolutionNode = FALSE
	EndGlobalSection
	GlobalSection(ExtensibilityGlobals) = postSolution
		SolutionGuid = {44DA26A6-7675-4E86-ABAB-1BB4945D0564}
	EndGlobalSection
EndGlobal
